// !$*UTF8*$!
{
	archiveVersion = 1;
	classes = {
	};
	objectVersion = 50;
	objects = {

/* Begin PBXBuildFile section */
		0742B39B93E924D3ED841099 /* Pods_TestProjTests.framework in Frameworks */ = {isa = PBXBuildFile; fileRef = 6146667484078214E462ED84 /* Pods_TestProjTests.framework */; };
		085350A2839DC2AA74555656 /* Pods_TestProj_TestProjTests.framework in Frameworks */ = {isa = PBXBuildFile; fileRef = 45DA07F96FAE3EF9755FC7BF /* Pods_TestProj_TestProjTests.framework */; };
		C013B918DFFADF7C0940F0F1 /* Pods_TestProj.framework in Frameworks */ = {isa = PBXBuildFile; fileRef = F9AC927BBD0A155F7F9505A8 /* Pods_TestProj.framework */; };
		F6413FB22256A480000FA1BB /* AppDelegate.swift in Sources */ = {isa = PBXBuildFile; fileRef = F6413FB12256A480000FA1BB /* AppDelegate.swift */; };
		F6413FB42256A480000FA1BB /* MasterViewController.swift in Sources */ = {isa = PBXBuildFile; fileRef = F6413FB32256A480000FA1BB /* MasterViewController.swift */; };
		F6413FB62256A480000FA1BB /* DetailViewController.swift in Sources */ = {isa = PBXBuildFile; fileRef = F6413FB52256A480000FA1BB /* DetailViewController.swift */; };
		F6413FB92256A480000FA1BB /* Main.storyboard in Resources */ = {isa = PBXBuildFile; fileRef = F6413FB72256A480000FA1BB /* Main.storyboard */; };
		F6413FBB2256A480000FA1BB /* Assets.xcassets in Resources */ = {isa = PBXBuildFile; fileRef = F6413FBA2256A480000FA1BB /* Assets.xcassets */; };
		F6413FBE2256A480000FA1BB /* LaunchScreen.storyboard in Resources */ = {isa = PBXBuildFile; fileRef = F6413FBC2256A480000FA1BB /* LaunchScreen.storyboard */; };
		F6413FC92256A480000FA1BB /* TestProjTests.swift in Sources */ = {isa = PBXBuildFile; fileRef = F6413FC82256A480000FA1BB /* TestProjTests.swift */; };
		F69D28B722595DCC00924A5C /* EventCell.swift in Sources */ = {isa = PBXBuildFile; fileRef = F69D28B622595DCC00924A5C /* EventCell.swift */; };
		F69D28C12259608C00924A5C /* Event.swift in Sources */ = {isa = PBXBuildFile; fileRef = F69D28C02259608C00924A5C /* Event.swift */; };
		F69D28C32259676F00924A5C /* UIImageView+Extensions.swift in Sources */ = {isa = PBXBuildFile; fileRef = F69D28C22259676F00924A5C /* UIImageView+Extensions.swift */; };
		F69D28C5225967BE00924A5C /* ImageService.swift in Sources */ = {isa = PBXBuildFile; fileRef = F69D28C4225967BE00924A5C /* ImageService.swift */; };
		F69D28C7225967E100924A5C /* Networking.swift in Sources */ = {isa = PBXBuildFile; fileRef = F69D28C6225967E100924A5C /* Networking.swift */; };
		F69D28C9225967FD00924A5C /* Resource.swift in Sources */ = {isa = PBXBuildFile; fileRef = F69D28C8225967FD00924A5C /* Resource.swift */; };
		F69D28CB2259683700924A5C /* CacheService.swift in Sources */ = {isa = PBXBuildFile; fileRef = F69D28CA2259683700924A5C /* CacheService.swift */; };
		F69D28CE225969F100924A5C /* NetworkService.swift in Sources */ = {isa = PBXBuildFile; fileRef = F69D28CD225969F100924A5C /* NetworkService.swift */; };
		F69D28D022596FDA00924A5C /* EventService.swift in Sources */ = {isa = PBXBuildFile; fileRef = F69D28CF22596FDA00924A5C /* EventService.swift */; };
		F69D28D22259700900924A5C /* AppConfig.swift in Sources */ = {isa = PBXBuildFile; fileRef = F69D28D12259700900924A5C /* AppConfig.swift */; };
		F69D28D8225A8C8700924A5C /* DataService.swift in Sources */ = {isa = PBXBuildFile; fileRef = F69D28D7225A8C8700924A5C /* DataService.swift */; };
		F6D064C9225B5DAC003F0C68 /* CustomNavigationController.swift in Sources */ = {isa = PBXBuildFile; fileRef = F6D064C8225B5DAC003F0C68 /* CustomNavigationController.swift */; };
		F6D064CB225B9BC3003F0C68 /* Utils.swift in Sources */ = {isa = PBXBuildFile; fileRef = F6D064CA225B9BC3003F0C68 /* Utils.swift */; };
		F6D064CD225BA188003F0C68 /* UINavigationController+Extension.swift in Sources */ = {isa = PBXBuildFile; fileRef = F6D064CC225BA188003F0C68 /* UINavigationController+Extension.swift */; };
		F6D064CF225C2C23003F0C68 /* MasterViewController+TableView.swift in Sources */ = {isa = PBXBuildFile; fileRef = F6D064CE225C2C23003F0C68 /* MasterViewController+TableView.swift */; };
		F6D064D1225C324A003F0C68 /* UIConstants.swift in Sources */ = {isa = PBXBuildFile; fileRef = F6D064D0225C324A003F0C68 /* UIConstants.swift */; };
		F6D064D3225C32C0003F0C68 /* MasterViewController+Search.swift in Sources */ = {isa = PBXBuildFile; fileRef = F6D064D2225C32C0003F0C68 /* MasterViewController+Search.swift */; };
		F6D064D5225C349A003F0C68 /* ModelConstants.swift in Sources */ = {isa = PBXBuildFile; fileRef = F6D064D4225C349A003F0C68 /* ModelConstants.swift */; };
		F6D064D8225C3D5D003F0C68 /* DateFormatUtils.swift in Sources */ = {isa = PBXBuildFile; fileRef = F6D064D7225C3D5D003F0C68 /* DateFormatUtils.swift */; };
		F6E4D9BA2259329500D65A96 /* .swiftlint.yml in Resources */ = {isa = PBXBuildFile; fileRef = F6E4D9B92259329500D65A96 /* .swiftlint.yml */; };
/* End PBXBuildFile section */

/* Begin PBXContainerItemProxy section */
		F6413FC52256A480000FA1BB /* PBXContainerItemProxy */ = {
			isa = PBXContainerItemProxy;
			containerPortal = F6413FA62256A47F000FA1BB /* Project object */;
			proxyType = 1;
			remoteGlobalIDString = F6413FAD2256A480000FA1BB;
			remoteInfo = TestProj;
		};
/* End PBXContainerItemProxy section */

/* Begin PBXFileReference section */
		45DA07F96FAE3EF9755FC7BF /* Pods_TestProj_TestProjTests.framework */ = {isa = PBXFileReference; explicitFileType = wrapper.framework; includeInIndex = 0; path = Pods_TestProj_TestProjTests.framework; sourceTree = BUILT_PRODUCTS_DIR; };
		6146667484078214E462ED84 /* Pods_TestProjTests.framework */ = {isa = PBXFileReference; explicitFileType = wrapper.framework; includeInIndex = 0; path = Pods_TestProjTests.framework; sourceTree = BUILT_PRODUCTS_DIR; };
		6191CE13ADE43D7D85841213 /* Pods-TestProj.release.xcconfig */ = {isa = PBXFileReference; includeInIndex = 1; lastKnownFileType = text.xcconfig; name = "Pods-TestProj.release.xcconfig"; path = "Target Support Files/Pods-TestProj/Pods-TestProj.release.xcconfig"; sourceTree = "<group>"; };
		8A3E3CF65E6A352EA03749A9 /* Pods-TestProjTests.debug.xcconfig */ = {isa = PBXFileReference; includeInIndex = 1; lastKnownFileType = text.xcconfig; name = "Pods-TestProjTests.debug.xcconfig"; path = "Target Support Files/Pods-TestProjTests/Pods-TestProjTests.debug.xcconfig"; sourceTree = "<group>"; };
		8D786CCEF6F29B94CC1ED2B8 /* Pods-TestProjTests.release.xcconfig */ = {isa = PBXFileReference; includeInIndex = 1; lastKnownFileType = text.xcconfig; name = "Pods-TestProjTests.release.xcconfig"; path = "Target Support Files/Pods-TestProjTests/Pods-TestProjTests.release.xcconfig"; sourceTree = "<group>"; };
		A6558BB6B86D17AF4D88A87A /* Pods-TestProj-TestProjTests.debug.xcconfig */ = {isa = PBXFileReference; includeInIndex = 1; lastKnownFileType = text.xcconfig; name = "Pods-TestProj-TestProjTests.debug.xcconfig"; path = "Target Support Files/Pods-TestProj-TestProjTests/Pods-TestProj-TestProjTests.debug.xcconfig"; sourceTree = "<group>"; };
		EEF9BCCF60CD558329AF76CE /* Pods-TestProj.debug.xcconfig */ = {isa = PBXFileReference; includeInIndex = 1; lastKnownFileType = text.xcconfig; name = "Pods-TestProj.debug.xcconfig"; path = "Target Support Files/Pods-TestProj/Pods-TestProj.debug.xcconfig"; sourceTree = "<group>"; };
		F6413FAE2256A480000FA1BB /* TestProj.app */ = {isa = PBXFileReference; explicitFileType = wrapper.application; includeInIndex = 0; path = TestProj.app; sourceTree = BUILT_PRODUCTS_DIR; };
		F6413FB12256A480000FA1BB /* AppDelegate.swift */ = {isa = PBXFileReference; lastKnownFileType = sourcecode.swift; path = AppDelegate.swift; sourceTree = "<group>"; };
		F6413FB32256A480000FA1BB /* MasterViewController.swift */ = {isa = PBXFileReference; lastKnownFileType = sourcecode.swift; path = MasterViewController.swift; sourceTree = "<group>"; };
		F6413FB52256A480000FA1BB /* DetailViewController.swift */ = {isa = PBXFileReference; lastKnownFileType = sourcecode.swift; path = DetailViewController.swift; sourceTree = "<group>"; };
		F6413FB82256A480000FA1BB /* Base */ = {isa = PBXFileReference; lastKnownFileType = file.storyboard; name = Base; path = Base.lproj/Main.storyboard; sourceTree = "<group>"; };
		F6413FBA2256A480000FA1BB /* Assets.xcassets */ = {isa = PBXFileReference; lastKnownFileType = folder.assetcatalog; path = Assets.xcassets; sourceTree = "<group>"; };
		F6413FBD2256A480000FA1BB /* Base */ = {isa = PBXFileReference; lastKnownFileType = file.storyboard; name = Base; path = Base.lproj/LaunchScreen.storyboard; sourceTree = "<group>"; };
		F6413FBF2256A480000FA1BB /* Info.plist */ = {isa = PBXFileReference; lastKnownFileType = text.plist.xml; path = Info.plist; sourceTree = "<group>"; };
		F6413FC42256A480000FA1BB /* TestProjTests.xctest */ = {isa = PBXFileReference; explicitFileType = wrapper.cfbundle; includeInIndex = 0; path = TestProjTests.xctest; sourceTree = BUILT_PRODUCTS_DIR; };
		F6413FC82256A480000FA1BB /* TestProjTests.swift */ = {isa = PBXFileReference; lastKnownFileType = sourcecode.swift; path = TestProjTests.swift; sourceTree = "<group>"; };
		F6413FCA2256A480000FA1BB /* Info.plist */ = {isa = PBXFileReference; lastKnownFileType = text.plist.xml; path = Info.plist; sourceTree = "<group>"; };
		F69D28B622595DCC00924A5C /* EventCell.swift */ = {isa = PBXFileReference; lastKnownFileType = sourcecode.swift; path = EventCell.swift; sourceTree = "<group>"; };
		F69D28C02259608C00924A5C /* Event.swift */ = {isa = PBXFileReference; lastKnownFileType = sourcecode.swift; path = Event.swift; sourceTree = "<group>"; };
		F69D28C22259676F00924A5C /* UIImageView+Extensions.swift */ = {isa = PBXFileReference; lastKnownFileType = sourcecode.swift; path = "UIImageView+Extensions.swift"; sourceTree = "<group>"; };
		F69D28C4225967BE00924A5C /* ImageService.swift */ = {isa = PBXFileReference; lastKnownFileType = sourcecode.swift; path = ImageService.swift; sourceTree = "<group>"; };
		F69D28C6225967E100924A5C /* Networking.swift */ = {isa = PBXFileReference; lastKnownFileType = sourcecode.swift; path = Networking.swift; sourceTree = "<group>"; };
		F69D28C8225967FD00924A5C /* Resource.swift */ = {isa = PBXFileReference; lastKnownFileType = sourcecode.swift; path = Resource.swift; sourceTree = "<group>"; };
		F69D28CA2259683700924A5C /* CacheService.swift */ = {isa = PBXFileReference; lastKnownFileType = sourcecode.swift; path = CacheService.swift; sourceTree = "<group>"; };
		F69D28CD225969F100924A5C /* NetworkService.swift */ = {isa = PBXFileReference; lastKnownFileType = sourcecode.swift; path = NetworkService.swift; sourceTree = "<group>"; };
		F69D28CF22596FDA00924A5C /* EventService.swift */ = {isa = PBXFileReference; lastKnownFileType = sourcecode.swift; path = EventService.swift; sourceTree = "<group>"; };
		F69D28D12259700900924A5C /* AppConfig.swift */ = {isa = PBXFileReference; lastKnownFileType = sourcecode.swift; path = AppConfig.swift; sourceTree = "<group>"; };
		F69D28D7225A8C8700924A5C /* DataService.swift */ = {isa = PBXFileReference; lastKnownFileType = sourcecode.swift; path = DataService.swift; sourceTree = "<group>"; };
		F6D064C8225B5DAC003F0C68 /* CustomNavigationController.swift */ = {isa = PBXFileReference; lastKnownFileType = sourcecode.swift; path = CustomNavigationController.swift; sourceTree = "<group>"; };
		F6D064CA225B9BC3003F0C68 /* Utils.swift */ = {isa = PBXFileReference; lastKnownFileType = sourcecode.swift; path = Utils.swift; sourceTree = "<group>"; };
		F6D064CC225BA188003F0C68 /* UINavigationController+Extension.swift */ = {isa = PBXFileReference; lastKnownFileType = sourcecode.swift; path = "UINavigationController+Extension.swift"; sourceTree = "<group>"; };
		F6D064CE225C2C23003F0C68 /* MasterViewController+TableView.swift */ = {isa = PBXFileReference; lastKnownFileType = sourcecode.swift; path = "MasterViewController+TableView.swift"; sourceTree = "<group>"; };
		F6D064D0225C324A003F0C68 /* UIConstants.swift */ = {isa = PBXFileReference; lastKnownFileType = sourcecode.swift; path = UIConstants.swift; sourceTree = "<group>"; };
		F6D064D2225C32C0003F0C68 /* MasterViewController+Search.swift */ = {isa = PBXFileReference; lastKnownFileType = sourcecode.swift; path = "MasterViewController+Search.swift"; sourceTree = "<group>"; };
		F6D064D4225C349A003F0C68 /* ModelConstants.swift */ = {isa = PBXFileReference; lastKnownFileType = sourcecode.swift; path = ModelConstants.swift; sourceTree = "<group>"; };
		F6D064D7225C3D5D003F0C68 /* DateFormatUtils.swift */ = {isa = PBXFileReference; lastKnownFileType = sourcecode.swift; path = DateFormatUtils.swift; sourceTree = "<group>"; };
		F6E4D9B92259329500D65A96 /* .swiftlint.yml */ = {isa = PBXFileReference; fileEncoding = 4; lastKnownFileType = text; path = .swiftlint.yml; sourceTree = "<group>"; };
		F9AC927BBD0A155F7F9505A8 /* Pods_TestProj.framework */ = {isa = PBXFileReference; explicitFileType = wrapper.framework; includeInIndex = 0; path = Pods_TestProj.framework; sourceTree = BUILT_PRODUCTS_DIR; };
		FB5BAE8D2DA501AB8F922E38 /* Pods-TestProj-TestProjTests.release.xcconfig */ = {isa = PBXFileReference; includeInIndex = 1; lastKnownFileType = text.xcconfig; name = "Pods-TestProj-TestProjTests.release.xcconfig"; path = "Target Support Files/Pods-TestProj-TestProjTests/Pods-TestProj-TestProjTests.release.xcconfig"; sourceTree = "<group>"; };
/* End PBXFileReference section */

/* Begin PBXFrameworksBuildPhase section */
		F6413FAB2256A480000FA1BB /* Frameworks */ = {
			isa = PBXFrameworksBuildPhase;
			buildActionMask = 2147483647;
			files = (
				C013B918DFFADF7C0940F0F1 /* Pods_TestProj.framework in Frameworks */,
			);
			runOnlyForDeploymentPostprocessing = 0;
		};
		F6413FC12256A480000FA1BB /* Frameworks */ = {
			isa = PBXFrameworksBuildPhase;
			buildActionMask = 2147483647;
			files = (
				0742B39B93E924D3ED841099 /* Pods_TestProjTests.framework in Frameworks */,
				085350A2839DC2AA74555656 /* Pods_TestProj_TestProjTests.framework in Frameworks */,
			);
			runOnlyForDeploymentPostprocessing = 0;
		};
/* End PBXFrameworksBuildPhase section */

/* Begin PBXGroup section */
		2946351351AAFCD145F88F93 /* Frameworks */ = {
			isa = PBXGroup;
			children = (
				F9AC927BBD0A155F7F9505A8 /* Pods_TestProj.framework */,
				6146667484078214E462ED84 /* Pods_TestProjTests.framework */,
				45DA07F96FAE3EF9755FC7BF /* Pods_TestProj_TestProjTests.framework */,
			);
			name = Frameworks;
			sourceTree = "<group>";
		};
		D444968A0BC24316A36BE157 /* Pods */ = {
			isa = PBXGroup;
			children = (
				EEF9BCCF60CD558329AF76CE /* Pods-TestProj.debug.xcconfig */,
				6191CE13ADE43D7D85841213 /* Pods-TestProj.release.xcconfig */,
				8A3E3CF65E6A352EA03749A9 /* Pods-TestProjTests.debug.xcconfig */,
				8D786CCEF6F29B94CC1ED2B8 /* Pods-TestProjTests.release.xcconfig */,
				A6558BB6B86D17AF4D88A87A /* Pods-TestProj-TestProjTests.debug.xcconfig */,
				FB5BAE8D2DA501AB8F922E38 /* Pods-TestProj-TestProjTests.release.xcconfig */,
			);
			path = Pods;
			sourceTree = "<group>";
		};
		F6413FA52256A47F000FA1BB = {
			isa = PBXGroup;
			children = (
				F6E4D9B92259329500D65A96 /* .swiftlint.yml */,
				F6413FB02256A480000FA1BB /* TestProj */,
				F6413FC72256A480000FA1BB /* TestProjTests */,
				F6413FAF2256A480000FA1BB /* Products */,
				D444968A0BC24316A36BE157 /* Pods */,
				2946351351AAFCD145F88F93 /* Frameworks */,
			);
			sourceTree = "<group>";
		};
		F6413FAF2256A480000FA1BB /* Products */ = {
			isa = PBXGroup;
			children = (
				F6413FAE2256A480000FA1BB /* TestProj.app */,
				F6413FC42256A480000FA1BB /* TestProjTests.xctest */,
			);
			name = Products;
			sourceTree = "<group>";
		};
		F6413FB02256A480000FA1BB /* TestProj */ = {
			isa = PBXGroup;
			children = (
				F69D28B822595DD400924A5C /* UI */,
				F69D28BE22595E3800924A5C /* Model */,
				F69D28BA22595DF800924A5C /* Data Access */,
				F69D28BF22595E4600924A5C /* Utilities */,
				F6413FB12256A480000FA1BB /* AppDelegate.swift */,
				F6413FB72256A480000FA1BB /* Main.storyboard */,
				F6413FBA2256A480000FA1BB /* Assets.xcassets */,
				F6413FBC2256A480000FA1BB /* LaunchScreen.storyboard */,
				F6413FBF2256A480000FA1BB /* Info.plist */,
			);
			path = TestProj;
			sourceTree = "<group>";
		};
		F6413FC72256A480000FA1BB /* TestProjTests */ = {
			isa = PBXGroup;
			children = (
				F6413FC82256A480000FA1BB /* TestProjTests.swift */,
				F6413FCA2256A480000FA1BB /* Info.plist */,
			);
			path = TestProjTests;
			sourceTree = "<group>";
		};
		F69D28B822595DD400924A5C /* UI */ = {
			isa = PBXGroup;
			children = (
				F69D28B922595DEF00924A5C /* Views */,
				F6D064D6225C3846003F0C68 /* ViewContorllers */,
			);
			path = UI;
			sourceTree = "<group>";
		};
		F69D28B922595DEF00924A5C /* Views */ = {
			isa = PBXGroup;
			children = (
				F69D28B622595DCC00924A5C /* EventCell.swift */,
			);
			path = Views;
			sourceTree = "<group>";
		};
		F69D28BA22595DF800924A5C /* Data Access */ = {
			isa = PBXGroup;
			children = (
				F69D28C8225967FD00924A5C /* Resource.swift */,
				F69D28C4225967BE00924A5C /* ImageService.swift */,
				F69D28CF22596FDA00924A5C /* EventService.swift */,
				F69D28CA2259683700924A5C /* CacheService.swift */,
				F69D28CD225969F100924A5C /* NetworkService.swift */,
				F69D28C6225967E100924A5C /* Networking.swift */,
				F69D28D7225A8C8700924A5C /* DataService.swift */,
			);
			path = "Data Access";
			sourceTree = "<group>";
		};
		F69D28BE22595E3800924A5C /* Model */ = {
			isa = PBXGroup;
			children = (
				F69D28C02259608C00924A5C /* Event.swift */,
				F6D064D4225C349A003F0C68 /* ModelConstants.swift */,
			);
			path = Model;
			sourceTree = "<group>";
		};
		F69D28BF22595E4600924A5C /* Utilities */ = {
			isa = PBXGroup;
			children = (
				F6D064CA225B9BC3003F0C68 /* Utils.swift */,
				F6D064D7225C3D5D003F0C68 /* DateFormatUtils.swift */,
				F69D28C22259676F00924A5C /* UIImageView+Extensions.swift */,
				F69D28D12259700900924A5C /* AppConfig.swift */,
				F6D064D0225C324A003F0C68 /* UIConstants.swift */,
			);
			path = Utilities;
			sourceTree = "<group>";
		};
		F6D064D6225C3846003F0C68 /* ViewContorllers */ = {
			isa = PBXGroup;
			children = (
				F6413FB32256A480000FA1BB /* MasterViewController.swift */,
				F6D064CE225C2C23003F0C68 /* MasterViewController+TableView.swift */,
				F6D064D2225C32C0003F0C68 /* MasterViewController+Search.swift */,
				F6413FB52256A480000FA1BB /* DetailViewController.swift */,
				F6D064CC225BA188003F0C68 /* UINavigationController+Extension.swift */,
				F6D064C8225B5DAC003F0C68 /* CustomNavigationController.swift */,
			);
			path = ViewContorllers;
			sourceTree = "<group>";
		};
/* End PBXGroup section */

/* Begin PBXNativeTarget section */
		F6413FAD2256A480000FA1BB /* TestProj */ = {
			isa = PBXNativeTarget;
			buildConfigurationList = F6413FCD2256A480000FA1BB /* Build configuration list for PBXNativeTarget "TestProj" */;
			buildPhases = (
				92C518EFEF97F5D66EB6F1C6 /* [CP] Check Pods Manifest.lock */,
				F6413FAA2256A480000FA1BB /* Sources */,
				F6413FAB2256A480000FA1BB /* Frameworks */,
				F6413FAC2256A480000FA1BB /* Resources */,
				F6E4D9BB225932F500D65A96 /* SwiftLint */,
			);
			buildRules = (
			);
			dependencies = (
			);
			name = TestProj;
			productName = TestProj;
			productReference = F6413FAE2256A480000FA1BB /* TestProj.app */;
			productType = "com.apple.product-type.application";
		};
		F6413FC32256A480000FA1BB /* TestProjTests */ = {
			isa = PBXNativeTarget;
			buildConfigurationList = F6413FD02256A480000FA1BB /* Build configuration list for PBXNativeTarget "TestProjTests" */;
			buildPhases = (
				19048E99815059AD0EC30369 /* [CP] Check Pods Manifest.lock */,
				F6413FC02256A480000FA1BB /* Sources */,
				F6413FC12256A480000FA1BB /* Frameworks */,
				F6413FC22256A480000FA1BB /* Resources */,
			);
			buildRules = (
			);
			dependencies = (
				F6413FC62256A480000FA1BB /* PBXTargetDependency */,
			);
			name = TestProjTests;
			productName = TestProjTests;
			productReference = F6413FC42256A480000FA1BB /* TestProjTests.xctest */;
			productType = "com.apple.product-type.bundle.unit-test";
		};
/* End PBXNativeTarget section */

/* Begin PBXProject section */
		F6413FA62256A47F000FA1BB /* Project object */ = {
			isa = PBXProject;
			attributes = {
				LastSwiftUpdateCheck = 1010;
				LastUpgradeCheck = 1010;
				ORGANIZATIONNAME = "Mykola Aleshchenko";
				TargetAttributes = {
					F6413FAD2256A480000FA1BB = {
						CreatedOnToolsVersion = 10.1;
					};
					F6413FC32256A480000FA1BB = {
						CreatedOnToolsVersion = 10.1;
						TestTargetID = F6413FAD2256A480000FA1BB;
					};
				};
			};
			buildConfigurationList = F6413FA92256A47F000FA1BB /* Build configuration list for PBXProject "TestProj" */;
			compatibilityVersion = "Xcode 9.3";
			developmentRegion = en;
			hasScannedForEncodings = 0;
			knownRegions = (
				en,
				Base,
			);
			mainGroup = F6413FA52256A47F000FA1BB;
			productRefGroup = F6413FAF2256A480000FA1BB /* Products */;
			projectDirPath = "";
			projectRoot = "";
			targets = (
				F6413FAD2256A480000FA1BB /* TestProj */,
				F6413FC32256A480000FA1BB /* TestProjTests */,
			);
		};
/* End PBXProject section */

/* Begin PBXResourcesBuildPhase section */
		F6413FAC2256A480000FA1BB /* Resources */ = {
			isa = PBXResourcesBuildPhase;
			buildActionMask = 2147483647;
			files = (
				F6E4D9BA2259329500D65A96 /* .swiftlint.yml in Resources */,
				F6413FBE2256A480000FA1BB /* LaunchScreen.storyboard in Resources */,
				F6413FBB2256A480000FA1BB /* Assets.xcassets in Resources */,
				F6413FB92256A480000FA1BB /* Main.storyboard in Resources */,
			);
			runOnlyForDeploymentPostprocessing = 0;
		};
		F6413FC22256A480000FA1BB /* Resources */ = {
			isa = PBXResourcesBuildPhase;
			buildActionMask = 2147483647;
			files = (
			);
			runOnlyForDeploymentPostprocessing = 0;
		};
/* End PBXResourcesBuildPhase section */

/* Begin PBXShellScriptBuildPhase section */
		19048E99815059AD0EC30369 /* [CP] Check Pods Manifest.lock */ = {
			isa = PBXShellScriptBuildPhase;
			buildActionMask = 2147483647;
			files = (
			);
			inputFileListPaths = (
			);
			inputPaths = (
				"${PODS_PODFILE_DIR_PATH}/Podfile.lock",
				"${PODS_ROOT}/Manifest.lock",
			);
			name = "[CP] Check Pods Manifest.lock";
			outputFileListPaths = (
			);
			outputPaths = (
				"$(DERIVED_FILE_DIR)/Pods-TestProjTests-checkManifestLockResult.txt",
			);
			runOnlyForDeploymentPostprocessing = 0;
			shellPath = /bin/sh;
			shellScript = "diff \"${PODS_PODFILE_DIR_PATH}/Podfile.lock\" \"${PODS_ROOT}/Manifest.lock\" > /dev/null\nif [ $? != 0 ] ; then\n    # print error to STDERR\n    echo \"error: The sandbox is not in sync with the Podfile.lock. Run 'pod install' or update your CocoaPods installation.\" >&2\n    exit 1\nfi\n# This output is used by Xcode 'outputs' to avoid re-running this script phase.\necho \"SUCCESS\" > \"${SCRIPT_OUTPUT_FILE_0}\"\n";
			showEnvVarsInLog = 0;
		};
		92C518EFEF97F5D66EB6F1C6 /* [CP] Check Pods Manifest.lock */ = {
			isa = PBXShellScriptBuildPhase;
			buildActionMask = 2147483647;
			files = (
			);
			inputFileListPaths = (
			);
			inputPaths = (
				"${PODS_PODFILE_DIR_PATH}/Podfile.lock",
				"${PODS_ROOT}/Manifest.lock",
			);
			name = "[CP] Check Pods Manifest.lock";
			outputFileListPaths = (
			);
			outputPaths = (
				"$(DERIVED_FILE_DIR)/Pods-TestProj-checkManifestLockResult.txt",
			);
			runOnlyForDeploymentPostprocessing = 0;
			shellPath = /bin/sh;
			shellScript = "diff \"${PODS_PODFILE_DIR_PATH}/Podfile.lock\" \"${PODS_ROOT}/Manifest.lock\" > /dev/null\nif [ $? != 0 ] ; then\n    # print error to STDERR\n    echo \"error: The sandbox is not in sync with the Podfile.lock. Run 'pod install' or update your CocoaPods installation.\" >&2\n    exit 1\nfi\n# This output is used by Xcode 'outputs' to avoid re-running this script phase.\necho \"SUCCESS\" > \"${SCRIPT_OUTPUT_FILE_0}\"\n";
			showEnvVarsInLog = 0;
		};
		F6E4D9BB225932F500D65A96 /* SwiftLint */ = {
			isa = PBXShellScriptBuildPhase;
			buildActionMask = 2147483647;
			files = (
			);
			inputFileListPaths = (
			);
			inputPaths = (
			);
			name = SwiftLint;
			outputFileListPaths = (
			);
			outputPaths = (
			);
			runOnlyForDeploymentPostprocessing = 0;
			shellPath = /bin/sh;
			shellScript = "\"${PODS_ROOT}/SwiftLint/swiftlint\"\n";
		};
/* End PBXShellScriptBuildPhase section */

/* Begin PBXSourcesBuildPhase section */
		F6413FAA2256A480000FA1BB /* Sources */ = {
			isa = PBXSourcesBuildPhase;
			buildActionMask = 2147483647;
			files = (
				F6D064D3225C32C0003F0C68 /* MasterViewController+Search.swift in Sources */,
				F69D28D022596FDA00924A5C /* EventService.swift in Sources */,
				F69D28CE225969F100924A5C /* NetworkService.swift in Sources */,
				F6D064CF225C2C23003F0C68 /* MasterViewController+TableView.swift in Sources */,
				F69D28C9225967FD00924A5C /* Resource.swift in Sources */,
				F69D28B722595DCC00924A5C /* EventCell.swift in Sources */,
				F6D064C9225B5DAC003F0C68 /* CustomNavigationController.swift in Sources */,
				F69D28C32259676F00924A5C /* UIImageView+Extensions.swift in Sources */,
				F6413FB62256A480000FA1BB /* DetailViewController.swift in Sources */,
				F6D064D5225C349A003F0C68 /* ModelConstants.swift in Sources */,
				F69D28CB2259683700924A5C /* CacheService.swift in Sources */,
				F69D28C7225967E100924A5C /* Networking.swift in Sources */,
				F6D064CB225B9BC3003F0C68 /* Utils.swift in Sources */,
				F6413FB42256A480000FA1BB /* MasterViewController.swift in Sources */,
				F69D28D8225A8C8700924A5C /* DataService.swift in Sources */,
				F6D064D1225C324A003F0C68 /* UIConstants.swift in Sources */,
				F6D064D8225C3D5D003F0C68 /* DateFormatUtils.swift in Sources */,
				F6413FB22256A480000FA1BB /* AppDelegate.swift in Sources */,
				F69D28D22259700900924A5C /* AppConfig.swift in Sources */,
				F69D28C12259608C00924A5C /* Event.swift in Sources */,
				F69D28C5225967BE00924A5C /* ImageService.swift in Sources */,
				F6D064CD225BA188003F0C68 /* UINavigationController+Extension.swift in Sources */,
			);
			runOnlyForDeploymentPostprocessing = 0;
		};
		F6413FC02256A480000FA1BB /* Sources */ = {
			isa = PBXSourcesBuildPhase;
			buildActionMask = 2147483647;
			files = (
				F6413FC92256A480000FA1BB /* TestProjTests.swift in Sources */,
			);
			runOnlyForDeploymentPostprocessing = 0;
		};
/* End PBXSourcesBuildPhase section */

/* Begin PBXTargetDependency section */
		F6413FC62256A480000FA1BB /* PBXTargetDependency */ = {
			isa = PBXTargetDependency;
			target = F6413FAD2256A480000FA1BB /* TestProj */;
			targetProxy = F6413FC52256A480000FA1BB /* PBXContainerItemProxy */;
		};
/* End PBXTargetDependency section */

/* Begin PBXVariantGroup section */
		F6413FB72256A480000FA1BB /* Main.storyboard */ = {
			isa = PBXVariantGroup;
			children = (
				F6413FB82256A480000FA1BB /* Base */,
			);
			name = Main.storyboard;
			sourceTree = "<group>";
		};
		F6413FBC2256A480000FA1BB /* LaunchScreen.storyboard */ = {
			isa = PBXVariantGroup;
			children = (
				F6413FBD2256A480000FA1BB /* Base */,
			);
			name = LaunchScreen.storyboard;
			sourceTree = "<group>";
		};
/* End PBXVariantGroup section */

/* Begin XCBuildConfiguration section */
		F6413FCB2256A480000FA1BB /* Debug */ = {
			isa = XCBuildConfiguration;
			buildSettings = {
				ALWAYS_SEARCH_USER_PATHS = NO;
				CLANG_ANALYZER_NONNULL = YES;
				CLANG_ANALYZER_NUMBER_OBJECT_CONVERSION = YES_AGGRESSIVE;
				CLANG_CXX_LANGUAGE_STANDARD = "gnu++14";
				CLANG_CXX_LIBRARY = "libc++";
				CLANG_ENABLE_MODULES = YES;
				CLANG_ENABLE_OBJC_ARC = YES;
				CLANG_ENABLE_OBJC_WEAK = YES;
				CLANG_WARN_BLOCK_CAPTURE_AUTORELEASING = YES;
				CLANG_WARN_BOOL_CONVERSION = YES;
				CLANG_WARN_COMMA = YES;
				CLANG_WARN_CONSTANT_CONVERSION = YES;
				CLANG_WARN_DEPRECATED_OBJC_IMPLEMENTATIONS = YES;
				CLANG_WARN_DIRECT_OBJC_ISA_USAGE = YES_ERROR;
				CLANG_WARN_DOCUMENTATION_COMMENTS = YES;
				CLANG_WARN_EMPTY_BODY = YES;
				CLANG_WARN_ENUM_CONVERSION = YES;
				CLANG_WARN_INFINITE_RECURSION = YES;
				CLANG_WARN_INT_CONVERSION = YES;
				CLANG_WARN_NON_LITERAL_NULL_CONVERSION = YES;
				CLANG_WARN_OBJC_IMPLICIT_RETAIN_SELF = YES;
				CLANG_WARN_OBJC_LITERAL_CONVERSION = YES;
				CLANG_WARN_OBJC_ROOT_CLASS = YES_ERROR;
				CLANG_WARN_RANGE_LOOP_ANALYSIS = YES;
				CLANG_WARN_STRICT_PROTOTYPES = YES;
				CLANG_WARN_SUSPICIOUS_MOVE = YES;
				CLANG_WARN_UNGUARDED_AVAILABILITY = YES_AGGRESSIVE;
				CLANG_WARN_UNREACHABLE_CODE = YES;
				CLANG_WARN__DUPLICATE_METHOD_MATCH = YES;
				CODE_SIGN_IDENTITY = "iPhone Developer";
				COPY_PHASE_STRIP = NO;
				DEBUG_INFORMATION_FORMAT = dwarf;
				ENABLE_STRICT_OBJC_MSGSEND = YES;
				ENABLE_TESTABILITY = YES;
				GCC_C_LANGUAGE_STANDARD = gnu11;
				GCC_DYNAMIC_NO_PIC = NO;
				GCC_NO_COMMON_BLOCKS = YES;
				GCC_OPTIMIZATION_LEVEL = 0;
				GCC_PREPROCESSOR_DEFINITIONS = (
					"DEBUG=1",
					"$(inherited)",
				);
				GCC_WARN_64_TO_32_BIT_CONVERSION = YES;
				GCC_WARN_ABOUT_RETURN_TYPE = YES_ERROR;
				GCC_WARN_UNDECLARED_SELECTOR = YES;
				GCC_WARN_UNINITIALIZED_AUTOS = YES_AGGRESSIVE;
				GCC_WARN_UNUSED_FUNCTION = YES;
				GCC_WARN_UNUSED_VARIABLE = YES;
				IPHONEOS_DEPLOYMENT_TARGET = 12.1;
				MTL_ENABLE_DEBUG_INFO = INCLUDE_SOURCE;
				MTL_FAST_MATH = YES;
				ONLY_ACTIVE_ARCH = YES;
				SDKROOT = iphoneos;
				SWIFT_ACTIVE_COMPILATION_CONDITIONS = DEBUG;
				SWIFT_OPTIMIZATION_LEVEL = "-Onone";
			};
			name = Debug;
		};
		F6413FCC2256A480000FA1BB /* Release */ = {
			isa = XCBuildConfiguration;
			buildSettings = {
				ALWAYS_SEARCH_USER_PATHS = NO;
				CLANG_ANALYZER_NONNULL = YES;
				CLANG_ANALYZER_NUMBER_OBJECT_CONVERSION = YES_AGGRESSIVE;
				CLANG_CXX_LANGUAGE_STANDARD = "gnu++14";
				CLANG_CXX_LIBRARY = "libc++";
				CLANG_ENABLE_MODULES = YES;
				CLANG_ENABLE_OBJC_ARC = YES;
				CLANG_ENABLE_OBJC_WEAK = YES;
				CLANG_WARN_BLOCK_CAPTURE_AUTORELEASING = YES;
				CLANG_WARN_BOOL_CONVERSION = YES;
				CLANG_WARN_COMMA = YES;
				CLANG_WARN_CONSTANT_CONVERSION = YES;
				CLANG_WARN_DEPRECATED_OBJC_IMPLEMENTATIONS = YES;
				CLANG_WARN_DIRECT_OBJC_ISA_USAGE = YES_ERROR;
				CLANG_WARN_DOCUMENTATION_COMMENTS = YES;
				CLANG_WARN_EMPTY_BODY = YES;
				CLANG_WARN_ENUM_CONVERSION = YES;
				CLANG_WARN_INFINITE_RECURSION = YES;
				CLANG_WARN_INT_CONVERSION = YES;
				CLANG_WARN_NON_LITERAL_NULL_CONVERSION = YES;
				CLANG_WARN_OBJC_IMPLICIT_RETAIN_SELF = YES;
				CLANG_WARN_OBJC_LITERAL_CONVERSION = YES;
				CLANG_WARN_OBJC_ROOT_CLASS = YES_ERROR;
				CLANG_WARN_RANGE_LOOP_ANALYSIS = YES;
				CLANG_WARN_STRICT_PROTOTYPES = YES;
				CLANG_WARN_SUSPICIOUS_MOVE = YES;
				CLANG_WARN_UNGUARDED_AVAILABILITY = YES_AGGRESSIVE;
				CLANG_WARN_UNREACHABLE_CODE = YES;
				CLANG_WARN__DUPLICATE_METHOD_MATCH = YES;
				CODE_SIGN_IDENTITY = "iPhone Developer";
				COPY_PHASE_STRIP = NO;
				DEBUG_INFORMATION_FORMAT = "dwarf-with-dsym";
				ENABLE_NS_ASSERTIONS = NO;
				ENABLE_STRICT_OBJC_MSGSEND = YES;
				GCC_C_LANGUAGE_STANDARD = gnu11;
				GCC_NO_COMMON_BLOCKS = YES;
				GCC_WARN_64_TO_32_BIT_CONVERSION = YES;
				GCC_WARN_ABOUT_RETURN_TYPE = YES_ERROR;
				GCC_WARN_UNDECLARED_SELECTOR = YES;
				GCC_WARN_UNINITIALIZED_AUTOS = YES_AGGRESSIVE;
				GCC_WARN_UNUSED_FUNCTION = YES;
				GCC_WARN_UNUSED_VARIABLE = YES;
				IPHONEOS_DEPLOYMENT_TARGET = 12.1;
				MTL_ENABLE_DEBUG_INFO = NO;
				MTL_FAST_MATH = YES;
				SDKROOT = iphoneos;
				SWIFT_COMPILATION_MODE = wholemodule;
				SWIFT_OPTIMIZATION_LEVEL = "-O";
				VALIDATE_PRODUCT = YES;
			};
			name = Release;
		};
		F6413FCE2256A480000FA1BB /* Debug */ = {
			isa = XCBuildConfiguration;
			baseConfigurationReference = EEF9BCCF60CD558329AF76CE /* Pods-TestProj.debug.xcconfig */;
			buildSettings = {
				ASSETCATALOG_COMPILER_APPICON_NAME = AppIcon;
				CODE_SIGN_IDENTITY = "iPhone Developer";
				CODE_SIGN_STYLE = Automatic;
				DEVELOPMENT_TEAM = 93E496X497;
				INFOPLIST_FILE = TestProj/Info.plist;
				IPHONEOS_DEPLOYMENT_TARGET = 11.0;
				LD_RUNPATH_SEARCH_PATHS = (
					"$(inherited)",
					"@executable_path/Frameworks",
				);
				PRODUCT_BUNDLE_IDENTIFIER = test.proj.TestProj;
				PRODUCT_NAME = "$(TARGET_NAME)";
				PROVISIONING_PROFILE_SPECIFIER = "";
				SWIFT_VERSION = 4.2;
				TARGETED_DEVICE_FAMILY = "1,2";
			};
			name = Debug;
		};
		F6413FCF2256A480000FA1BB /* Release */ = {
			isa = XCBuildConfiguration;
			baseConfigurationReference = 6191CE13ADE43D7D85841213 /* Pods-TestProj.release.xcconfig */;
			buildSettings = {
				ASSETCATALOG_COMPILER_APPICON_NAME = AppIcon;
				CODE_SIGN_IDENTITY = "iPhone Developer";
				CODE_SIGN_STYLE = Automatic;
				DEVELOPMENT_TEAM = 93E496X497;
				INFOPLIST_FILE = TestProj/Info.plist;
				IPHONEOS_DEPLOYMENT_TARGET = 11.0;
				LD_RUNPATH_SEARCH_PATHS = (
					"$(inherited)",
					"@executable_path/Frameworks",
				);
				PRODUCT_BUNDLE_IDENTIFIER = test.proj.TestProj;
				PRODUCT_NAME = "$(TARGET_NAME)";
				PROVISIONING_PROFILE_SPECIFIER = "";
				SWIFT_VERSION = 4.2;
				TARGETED_DEVICE_FAMILY = "1,2";
			};
			name = Release;
		};
		F6413FD12256A480000FA1BB /* Debug */ = {
			isa = XCBuildConfiguration;
			baseConfigurationReference = 8A3E3CF65E6A352EA03749A9 /* Pods-TestProjTests.debug.xcconfig */;
			buildSettings = {
				ALWAYS_EMBED_SWIFT_STANDARD_LIBRARIES = YES;
				BUNDLE_LOADER = "$(TEST_HOST)";
				CODE_SIGN_STYLE = Automatic;
				DEVELOPMENT_TEAM = 93E496X497;
				INFOPLIST_FILE = TestProjTests/Info.plist;
				LD_RUNPATH_SEARCH_PATHS = (
					"$(inherited)",
					"@executable_path/Frameworks",
				);
				PRODUCT_BUNDLE_IDENTIFIER = test.proj.TestProjTests;
				PRODUCT_NAME = "$(TARGET_NAME)";
				SWIFT_VERSION = 4.2;
				TARGETED_DEVICE_FAMILY = "1,2";
				TEST_HOST = "$(BUILT_PRODUCTS_DIR)/TestProj.app/TestProj";
			};
			name = Debug;
		};
		F6413FD22256A480000FA1BB /* Release */ = {
			isa = XCBuildConfiguration;
			baseConfigurationReference = 8D786CCEF6F29B94CC1ED2B8 /* Pods-TestProjTests.release.xcconfig */;
			buildSettings = {
				ALWAYS_EMBED_SWIFT_STANDARD_LIBRARIES = YES;
				BUNDLE_LOADER = "$(TEST_HOST)";
				CODE_SIGN_STYLE = Automatic;
				DEVELOPMENT_TEAM = 93E496X497;
				INFOPLIST_FILE = TestProjTests/Info.plist;
				LD_RUNPATH_SEARCH_PATHS = (
					"$(inherited)",
					"@executable_path/Frameworks",
				);
				PRODUCT_BUNDLE_IDENTIFIER = test.proj.TestProjTests;
				PRODUCT_NAME = "$(TARGET_NAME)";
				SWIFT_VERSION = 4.2;
				TARGETED_DEVICE_FAMILY = "1,2";
				TEST_HOST = "$(BUILT_PRODUCTS_DIR)/TestProj.app/TestProj";
			};
			name = Release;
		};
/* End XCBuildConfiguration section */

/* Begin XCConfigurationList section */
		F6413FA92256A47F000FA1BB /* Build configuration list for PBXProject "TestProj" */ = {
			isa = XCConfigurationList;
			buildConfigurations = (
				F6413FCB2256A480000FA1BB /* Debug */,
				F6413FCC2256A480000FA1BB /* Release */,
			);
			defaultConfigurationIsVisible = 0;
			defaultConfigurationName = Release;
		};
		F6413FCD2256A480000FA1BB /* Build configuration list for PBXNativeTarget "TestProj" */ = {
			isa = XCConfigurationList;
			buildConfigurations = (
				F6413FCE2256A480000FA1BB /* Debug */,
				F6413FCF2256A480000FA1BB /* Release */,
			);
			defaultConfigurationIsVisible = 0;
			defaultConfigurationName = Release;
		};
		F6413FD02256A480000FA1BB /* Build configuration list for PBXNativeTarget "TestProjTests" */ = {
			isa = XCConfigurationList;
			buildConfigurations = (
				F6413FD12256A480000FA1BB /* Debug */,
				F6413FD22256A480000FA1BB /* Release */,
			);
			defaultConfigurationIsVisible = 0;
			defaultConfigurationName = Release;
		};
/* End XCConfigurationList section */
	};
	rootObject = F6413FA62256A47F000FA1BB /* Project object */;
}
